
Microsoft Visual Studio Solution File, Format Version 12.00
# Visual Studio Version 16
VisualStudioVersion = 16.0.30011.22
MinimumVisualStudioVersion = 10.0.40219.1
Project("{2150E333-8FDC-42A3-9474-1A3956D46DE8}") = "src", "src", "{DDCA69E5-E94E-4F5D-ACD7-BE7BC8503695}"
EndProject
Project("{2150E333-8FDC-42A3-9474-1A3956D46DE8}") = "tests", "tests", "{C5820CA3-A66A-4014-9064-4BCD366A80F6}"
EndProject
Project("{9A19103F-16F7-4668-BE54-9A1E7A4F7556}") = "MyHome.Common.UnitTests", "tests\Application.UnitTests\MyHome.Common.UnitTests.csproj", "{1F7941D6-F05C-4201-BDED-12C537910DC2}"
EndProject
Project("{2150E333-8FDC-42A3-9474-1A3956D46DE8}") = "Entrypoints", "Entrypoints", "{0CACC21B-480C-489C-8E66-F6552EF5682C}"
EndProject
Project("{2150E333-8FDC-42A3-9474-1A3956D46DE8}") = "Domain", "Domain", "{6F0E9A8B-C113-4DF7-873A-CE56965A6034}"
EndProject
Project("{2150E333-8FDC-42A3-9474-1A3956D46DE8}") = "Infrastructure", "Infrastructure", "{68209E90-1C85-467F-8467-4766E8B37759}"
EndProject
Project("{2150E333-8FDC-42A3-9474-1A3956D46DE8}") = "Use Cases", "Use Cases", "{A602B75B-EA47-42E4-86E1-383A298B2EDF}"
EndProject
Project("{9A19103F-16F7-4668-BE54-9A1E7A4F7556}") = "MyHome.Infrastructure", "src\Infrastructure\Infrastructure\MyHome.Infrastructure.csproj", "{38A25B2E-1C07-4806-B049-EA37B25192AE}"
EndProject
Project("{9A19103F-16F7-4668-BE54-9A1E7A4F7556}") = "MyHome.Common", "src\UseCases\Common\MyHome.Common.csproj", "{8B9B2607-F802-4847-BCD1-BF94C2A09140}"
EndProject
Project("{9A19103F-16F7-4668-BE54-9A1E7A4F7556}") = "MyHome.Domain", "src\Domain\MyHome.Domain.csproj", "{9073E06E-10B1-484A-BF49-4508ED2F8A08}"
EndProject
Project("{9A19103F-16F7-4668-BE54-9A1E7A4F7556}") = "MyHome.HttpService", "src\Entrypoints\HttpService\MyHome.HttpService.csproj", "{983A0447-0613-473A-B5D8-4EAD9790A800}"
EndProject
Project("{9A19103F-16F7-4668-BE54-9A1E7A4F7556}") = "MyHome.Application.Schedule", "src\UseCases\Schedule\MyHome.Application.Schedule.csproj", "{FE119B96-5D94-46C4-97DD-59E51029EFD5}"
EndProject
Global
	GlobalSection(SolutionConfigurationPlatforms) = preSolution
		Debug|Any CPU = Debug|Any CPU
		Release|Any CPU = Release|Any CPU
	EndGlobalSection
	GlobalSection(ProjectConfigurationPlatforms) = postSolution
		{1F7941D6-F05C-4201-BDED-12C537910DC2}.Debug|Any CPU.ActiveCfg = Debug|Any CPU
		{1F7941D6-F05C-4201-BDED-12C537910DC2}.Debug|Any CPU.Build.0 = Debug|Any CPU
		{1F7941D6-F05C-4201-BDED-12C537910DC2}.Release|Any CPU.ActiveCfg = Release|Any CPU
		{1F7941D6-F05C-4201-BDED-12C537910DC2}.Release|Any CPU.Build.0 = Release|Any CPU
		{38A25B2E-1C07-4806-B049-EA37B25192AE}.Debug|Any CPU.ActiveCfg = Debug|Any CPU
		{38A25B2E-1C07-4806-B049-EA37B25192AE}.Debug|Any CPU.Build.0 = Debug|Any CPU
		{38A25B2E-1C07-4806-B049-EA37B25192AE}.Release|Any CPU.ActiveCfg = Release|Any CPU
		{38A25B2E-1C07-4806-B049-EA37B25192AE}.Release|Any CPU.Build.0 = Release|Any CPU
		{8B9B2607-F802-4847-BCD1-BF94C2A09140}.Debug|Any CPU.ActiveCfg = Debug|Any CPU
		{8B9B2607-F802-4847-BCD1-BF94C2A09140}.Debug|Any CPU.Build.0 = Debug|Any CPU
		{8B9B2607-F802-4847-BCD1-BF94C2A09140}.Release|Any CPU.ActiveCfg = Release|Any CPU
		{8B9B2607-F802-4847-BCD1-BF94C2A09140}.Release|Any CPU.Build.0 = Release|Any CPU
		{9073E06E-10B1-484A-BF49-4508ED2F8A08}.Debug|Any CPU.ActiveCfg = Debug|Any CPU
		{9073E06E-10B1-484A-BF49-4508ED2F8A08}.Debug|Any CPU.Build.0 = Debug|Any CPU
		{9073E06E-10B1-484A-BF49-4508ED2F8A08}.Release|Any CPU.ActiveCfg = Release|Any CPU
		{9073E06E-10B1-484A-BF49-4508ED2F8A08}.Release|Any CPU.Build.0 = Release|Any CPU
		{983A0447-0613-473A-B5D8-4EAD9790A800}.Debug|Any CPU.ActiveCfg = Debug|Any CPU
		{983A0447-0613-473A-B5D8-4EAD9790A800}.Debug|Any CPU.Build.0 = Debug|Any CPU
		{983A0447-0613-473A-B5D8-4EAD9790A800}.Release|Any CPU.ActiveCfg = Release|Any CPU
		{983A0447-0613-473A-B5D8-4EAD9790A800}.Release|Any CPU.Build.0 = Release|Any CPU
		{FE119B96-5D94-46C4-97DD-59E51029EFD5}.Debug|Any CPU.ActiveCfg = Debug|Any CPU
		{FE119B96-5D94-46C4-97DD-59E51029EFD5}.Debug|Any CPU.Build.0 = Debug|Any CPU
		{FE119B96-5D94-46C4-97DD-59E51029EFD5}.Release|Any CPU.ActiveCfg = Release|Any CPU
		{FE119B96-5D94-46C4-97DD-59E51029EFD5}.Release|Any CPU.Build.0 = Release|Any CPU
	EndGlobalSection
	GlobalSection(SolutionProperties) = preSolution
		HideSolutionNode = FALSE
	EndGlobalSection
	GlobalSection(NestedProjects) = preSolution
		{1F7941D6-F05C-4201-BDED-12C537910DC2} = {C5820CA3-A66A-4014-9064-4BCD366A80F6}
		{0CACC21B-480C-489C-8E66-F6552EF5682C} = {DDCA69E5-E94E-4F5D-ACD7-BE7BC8503695}
		{6F0E9A8B-C113-4DF7-873A-CE56965A6034} = {DDCA69E5-E94E-4F5D-ACD7-BE7BC8503695}
		{68209E90-1C85-467F-8467-4766E8B37759} = {DDCA69E5-E94E-4F5D-ACD7-BE7BC8503695}
		{A602B75B-EA47-42E4-86E1-383A298B2EDF} = {DDCA69E5-E94E-4F5D-ACD7-BE7BC8503695}
		{38A25B2E-1C07-4806-B049-EA37B25192AE} = {68209E90-1C85-467F-8467-4766E8B37759}
		{8B9B2607-F802-4847-BCD1-BF94C2A09140} = {A602B75B-EA47-42E4-86E1-383A298B2EDF}
		{9073E06E-10B1-484A-BF49-4508ED2F8A08} = {6F0E9A8B-C113-4DF7-873A-CE56965A6034}
		{983A0447-0613-473A-B5D8-4EAD9790A800} = {0CACC21B-480C-489C-8E66-F6552EF5682C}
		{FE119B96-5D94-46C4-97DD-59E51029EFD5} = {A602B75B-EA47-42E4-86E1-383A298B2EDF}
	EndGlobalSection
	GlobalSection(ExtensibilityGlobals) = postSolution
		SolutionGuid = {6C9DE667-1AA6-4FA4-8AAF-666F37DABC60}
	EndGlobalSection
EndGlobal
